
Microsoft Visual Studio Solution File, Format Version 12.00
# Visual Studio Version 17
VisualStudioVersion = 17.0.32014.148
MinimumVisualStudioVersion = 10.0.40219.1
Project("{9A19103F-16F7-4668-BE54-9A1E7A4F7556}") = "ProductAPIEFCore", "ProductAPIEFCore.csproj", "{B041B4B0-9858-4537-8360-22C6A023943C}"
EndProject
Project("{FAE04EC0-301F-11D3-BF4B-00C04F79EFBC}") = "ProductTest", "..\ProductTest\ProductTest.csproj", "{D770C679-3DBE-4C92-A753-D49756BFFA8B}"
EndProject
Global
	GlobalSection(SolutionConfigurationPlatforms) = preSolution
		Debug|Any CPU = Debug|Any CPU
		Release|Any CPU = Release|Any CPU
	EndGlobalSection
	GlobalSection(ProjectConfigurationPlatforms) = postSolution
		{B041B4B0-9858-4537-8360-22C6A023943C}.Debug|Any CPU.ActiveCfg = Debug|Any CPU
		{B041B4B0-9858-4537-8360-22C6A023943C}.Debug|Any CPU.Build.0 = Debug|Any CPU
		{B041B4B0-9858-4537-8360-22C6A023943C}.Release|Any CPU.ActiveCfg = Release|Any CPU
		{B041B4B0-9858-4537-8360-22C6A023943C}.Release|Any CPU.Build.0 = Release|Any CPU
		{D770C679-3DBE-4C92-A753-D49756BFFA8B}.Debug|Any CPU.ActiveCfg = Debug|Any CPU
		{D770C679-3DBE-4C92-A753-D49756BFFA8B}.Debug|Any CPU.Build.0 = Debug|Any CPU
		{D770C679-3DBE-4C92-A753-D49756BFFA8B}.Release|Any CPU.ActiveCfg = Release|Any CPU
		{D770C679-3DBE-4C92-A753-D49756BFFA8B}.Release|Any CPU.Build.0 = Release|Any CPU
	EndGlobalSection
	GlobalSection(SolutionProperties) = preSolution
		HideSolutionNode = FALSE
	EndGlobalSection
	GlobalSection(ExtensibilityGlobals) = postSolution
		SolutionGuid = {AFA38EA4-F40C-4ED0-BED8-455D7346D645}
	EndGlobalSection
EndGlobal
